// !$*UTF8*$!
{
	archiveVersion = 1;
	classes = {
	};
	objectVersion = 46;
	objects = {

/* Begin PBXBuildFile section */
		333E9580149435E600736FF7 /* CompletedDetailViewController.m in Sources */ = {isa = PBXBuildFile; fileRef = 333E957E149435E600736FF7 /* CompletedDetailViewController.m */; };
		333E9581149435E600736FF7 /* CompletedDetailView.xib in Resources */ = {isa = PBXBuildFile; fileRef = 333E957F149435E600736FF7 /* CompletedDetailView.xib */; };
		333E958614943B9B00736FF7 /* TaskInfo.m in Sources */ = {isa = PBXBuildFile; fileRef = 333E958514943B9B00736FF7 /* TaskInfo.m */; };
		33800880148F16F200B66030 /* MetaData.plist in Resources */ = {isa = PBXBuildFile; fileRef = 3380087F148F16F200B66030 /* MetaData.plist */; };
		33800884148F192B00B66030 /* MetaDataWrapper.m in Sources */ = {isa = PBXBuildFile; fileRef = 33800883148F192B00B66030 /* MetaDataWrapper.m */; };
		338F502C14949BE40060C819 /* StatisticsTableViewController.m in Sources */ = {isa = PBXBuildFile; fileRef = 338F502A14949BE40060C819 /* StatisticsTableViewController.m */; };
		338F502D14949BE40060C819 /* StatisticsTableView.xib in Resources */ = {isa = PBXBuildFile; fileRef = 338F502B14949BE40060C819 /* StatisticsTableView.xib */; };
		339649FF148EF76600F37839 /* DetailViewController.m in Sources */ = {isa = PBXBuildFile; fileRef = 339649FE148EF76600F37839 /* DetailViewController.m */; };
		33964A03148EF79000F37839 /* CountdownFormatter.m in Sources */ = {isa = PBXBuildFile; fileRef = 33964A02148EF79000F37839 /* CountdownFormatter.m */; };
		33964A08148EF86C00F37839 /* EditingViewController.m in Sources */ = {isa = PBXBuildFile; fileRef = 33964A06148EF86C00F37839 /* EditingViewController.m */; };
		33964A09148EF86C00F37839 /* EditingView.xib in Resources */ = {isa = PBXBuildFile; fileRef = 33964A07148EF86C00F37839 /* EditingView.xib */; };
		33964A0D148EFA2900F37839 /* AddViewController.m in Sources */ = {isa = PBXBuildFile; fileRef = 33964A0C148EFA2900F37839 /* AddViewController.m */; };
		33964A12148F000100F37839 /* TaskTimerViewController.m in Sources */ = {isa = PBXBuildFile; fileRef = 33964A10148F000100F37839 /* TaskTimerViewController.m */; };
		33964A13148F000100F37839 /* TaskTimerView.xib in Resources */ = {isa = PBXBuildFile; fileRef = 33964A11148F000100F37839 /* TaskTimerView.xib */; };
		33964A20148F0DBE00F37839 /* NSManagedObjectContext+FetchedObjectFromURI.m in Sources */ = {isa = PBXBuildFile; fileRef = 33964A1F148F0DBD00F37839 /* NSManagedObjectContext+FetchedObjectFromURI.m */; };
		33CDEC111495B7B7006DCCE2 /* MessageUI.framework in Frameworks */ = {isa = PBXBuildFile; fileRef = 33CDEC101495B7B7006DCCE2 /* MessageUI.framework */; };
		33CDEC1C1495C910006DCCE2 /* 11-clock.png in Resources */ = {isa = PBXBuildFile; fileRef = 33CDEC1B1495C910006DCCE2 /* 11-clock.png */; };
		33CDEC1E1495C91F006DCCE2 /* 20-gear2.png in Resources */ = {isa = PBXBuildFile; fileRef = 33CDEC1D1495C91F006DCCE2 /* 20-gear2.png */; };
		33CDEC201495C960006DCCE2 /* 117-todo.png in Resources */ = {isa = PBXBuildFile; fileRef = 33CDEC1F1495C960006DCCE2 /* 117-todo.png */; };
		33CDEC221495C9BB006DCCE2 /* 78-stopwatch.png in Resources */ = {isa = PBXBuildFile; fileRef = 33CDEC211495C9BB006DCCE2 /* 78-stopwatch.png */; };
		33CDEC241495C9D2006DCCE2 /* 96-book.png in Resources */ = {isa = PBXBuildFile; fileRef = 33CDEC231495C9D2006DCCE2 /* 96-book.png */; };
		33CDEC261495C9DF006DCCE2 /* 40-inbox.png in Resources */ = {isa = PBXBuildFile; fileRef = 33CDEC251495C9DF006DCCE2 /* 40-inbox.png */; };
		33CDEC281495C9EC006DCCE2 /* 83-calendar.png in Resources */ = {isa = PBXBuildFile; fileRef = 33CDEC271495C9EC006DCCE2 /* 83-calendar.png */; };
		33DBCA3F14959FAC009947B1 /* HelpViewController.m in Sources */ = {isa = PBXBuildFile; fileRef = 33DBCA3D14959FAC009947B1 /* HelpViewController.m */; };
		33DBCA4014959FAC009947B1 /* HelpView.xib in Resources */ = {isa = PBXBuildFile; fileRef = 33DBCA3E14959FAC009947B1 /* HelpView.xib */; };
		33E2E485148EE31E005910F5 /* UIKit.framework in Frameworks */ = {isa = PBXBuildFile; fileRef = 33E2E484148EE31E005910F5 /* UIKit.framework */; };
		33E2E487148EE31E005910F5 /* Foundation.framework in Frameworks */ = {isa = PBXBuildFile; fileRef = 33E2E486148EE31E005910F5 /* Foundation.framework */; };
		33E2E489148EE31E005910F5 /* CoreGraphics.framework in Frameworks */ = {isa = PBXBuildFile; fileRef = 33E2E488148EE31E005910F5 /* CoreGraphics.framework */; };
		33E2E48F148EE31E005910F5 /* InfoPlist.strings in Resources */ = {isa = PBXBuildFile; fileRef = 33E2E48D148EE31E005910F5 /* InfoPlist.strings */; };
		33E2E491148EE31E005910F5 /* main.m in Sources */ = {isa = PBXBuildFile; fileRef = 33E2E490148EE31E005910F5 /* main.m */; };
		33E2E495148EE31E005910F5 /* AppDelegate.m in Sources */ = {isa = PBXBuildFile; fileRef = 33E2E494148EE31E005910F5 /* AppDelegate.m */; };
		33E2E4B2148EE358005910F5 /* TaskDataModel.xcdatamodeld in Sources */ = {isa = PBXBuildFile; fileRef = 33E2E4B0148EE358005910F5 /* TaskDataModel.xcdatamodeld */; };
		33E2E4BA148EE46B005910F5 /* Signal_Light_-_Green.jpg in Resources */ = {isa = PBXBuildFile; fileRef = 33E2E4B9148EE46B005910F5 /* Signal_Light_-_Green.jpg */; };
		33E2E4BD148EE47B005910F5 /* redlight.jpg in Resources */ = {isa = PBXBuildFile; fileRef = 33E2E4BC148EE47B005910F5 /* redlight.jpg */; };
		33E2E4C1148EE494005910F5 /* icon.png in Resources */ = {isa = PBXBuildFile; fileRef = 33E2E4C0148EE494005910F5 /* icon.png */; };
		33E2E4C5148EE4EC005910F5 /* SettingsTableViewController.m in Sources */ = {isa = PBXBuildFile; fileRef = 33E2E4C3148EE4EC005910F5 /* SettingsTableViewController.m */; };
		33E2E4C6148EE4EC005910F5 /* SettingsTableView.xib in Resources */ = {isa = PBXBuildFile; fileRef = 33E2E4C4148EE4EC005910F5 /* SettingsTableView.xib */; };
		33E2E4CB148EE515005910F5 /* AllTaskViewController.m in Sources */ = {isa = PBXBuildFile; fileRef = 33E2E4C9148EE515005910F5 /* AllTaskViewController.m */; };
		33E2E4CC148EE515005910F5 /* AllTaskView.xib in Resources */ = {isa = PBXBuildFile; fileRef = 33E2E4CA148EE515005910F5 /* AllTaskView.xib */; };
		33E2E4D1148EE54D005910F5 /* HistoryViewController.m in Sources */ = {isa = PBXBuildFile; fileRef = 33E2E4CF148EE54D005910F5 /* HistoryViewController.m */; };
		33E2E4D2148EE54D005910F5 /* HistoryView.xib in Resources */ = {isa = PBXBuildFile; fileRef = 33E2E4D0148EE54D005910F5 /* HistoryView.xib */; };
		33E2E4D7148EE57B005910F5 /* TodayTaskViewController.m in Sources */ = {isa = PBXBuildFile; fileRef = 33E2E4D5148EE57B005910F5 /* TodayTaskViewController.m */; };
		33E2E4D8148EE57B005910F5 /* TodayTaskView.xib in Resources */ = {isa = PBXBuildFile; fileRef = 33E2E4D6148EE57B005910F5 /* TodayTaskView.xib */; };
		33E2E4DB148EE5C9005910F5 /* CoreData.framework in Frameworks */ = {isa = PBXBuildFile; fileRef = 33E2E4DA148EE5C9005910F5 /* CoreData.framework */; };
		33F2BA791495CE7800439FBD /* Default.png in Resources */ = {isa = PBXBuildFile; fileRef = 33F2BA781495CE7800439FBD /* Default.png */; };
		33F2BA7C1495CEF100439FBD /* Default@2x.png in Resources */ = {isa = PBXBuildFile; fileRef = 33F2BA7B1495CEF100439FBD /* Default@2x.png */; };
		33F2BA8A14965E9800439FBD /* TutorialViewController.m in Sources */ = {isa = PBXBuildFile; fileRef = 33F2BA8814965E9800439FBD /* TutorialViewController.m */; };
		33F2BA8B14965E9800439FBD /* TutorialView.xib in Resources */ = {isa = PBXBuildFile; fileRef = 33F2BA8914965E9800439FBD /* TutorialView.xib */; };
/* End PBXBuildFile section */

/* Begin PBXFileReference section */
		333E957D149435E600736FF7 /* CompletedDetailViewController.h */ = {isa = PBXFileReference; fileEncoding = 4; lastKnownFileType = sourcecode.c.h; path = CompletedDetailViewController.h; sourceTree = "<group>"; };
		333E957E149435E600736FF7 /* CompletedDetailViewController.m */ = {isa = PBXFileReference; fileEncoding = 4; lastKnownFileType = sourcecode.c.objc; path = CompletedDetailViewController.m; sourceTree = "<group>"; };
		333E957F149435E600736FF7 /* CompletedDetailView.xib */ = {isa = PBXFileReference; fileEncoding = 4; lastKnownFileType = file.xib; path = CompletedDetailView.xib; sourceTree = "<group>"; };
		333E958414943B9B00736FF7 /* TaskInfo.h */ = {isa = PBXFileReference; fileEncoding = 4; lastKnownFileType = sourcecode.c.h; path = TaskInfo.h; sourceTree = "<group>"; };
		333E958514943B9B00736FF7 /* TaskInfo.m */ = {isa = PBXFileReference; fileEncoding = 4; lastKnownFileType = sourcecode.c.objc; path = TaskInfo.m; sourceTree = "<group>"; };
		3380087F148F16F200B66030 /* MetaData.plist */ = {isa = PBXFileReference; fileEncoding = 4; lastKnownFileType = text.plist.xml; name = MetaData.plist; path = ../MetaData.plist; sourceTree = "<group>"; };
		33800882148F192B00B66030 /* MetaDataWrapper.h */ = {isa = PBXFileReference; fileEncoding = 4; lastKnownFileType = sourcecode.c.h; path = MetaDataWrapper.h; sourceTree = "<group>"; };
		33800883148F192B00B66030 /* MetaDataWrapper.m */ = {isa = PBXFileReference; fileEncoding = 4; lastKnownFileType = sourcecode.c.objc; path = MetaDataWrapper.m; sourceTree = "<group>"; };
		338F502914949BE40060C819 /* StatisticsTableViewController.h */ = {isa = PBXFileReference; fileEncoding = 4; lastKnownFileType = sourcecode.c.h; path = StatisticsTableViewController.h; sourceTree = "<group>"; };
		338F502A14949BE40060C819 /* StatisticsTableViewController.m */ = {isa = PBXFileReference; fileEncoding = 4; lastKnownFileType = sourcecode.c.objc; path = StatisticsTableViewController.m; sourceTree = "<group>"; };
		338F502B14949BE40060C819 /* StatisticsTableView.xib */ = {isa = PBXFileReference; fileEncoding = 4; lastKnownFileType = file.xib; path = StatisticsTableView.xib; sourceTree = "<group>"; };
		339649FD148EF76600F37839 /* DetailViewController.h */ = {isa = PBXFileReference; fileEncoding = 4; lastKnownFileType = sourcecode.c.h; path = DetailViewController.h; sourceTree = "<group>"; };
		339649FE148EF76600F37839 /* DetailViewController.m */ = {isa = PBXFileReference; fileEncoding = 4; lastKnownFileType = sourcecode.c.objc; path = DetailViewController.m; sourceTree = "<group>"; };
		33964A01148EF79000F37839 /* CountdownFormatter.h */ = {isa = PBXFileReference; fileEncoding = 4; lastKnownFileType = sourcecode.c.h; path = CountdownFormatter.h; sourceTree = "<group>"; };
		33964A02148EF79000F37839 /* CountdownFormatter.m */ = {isa = PBXFileReference; fileEncoding = 4; lastKnownFileType = sourcecode.c.objc; path = CountdownFormatter.m; sourceTree = "<group>"; };
		33964A05148EF86C00F37839 /* EditingViewController.h */ = {isa = PBXFileReference; fileEncoding = 4; lastKnownFileType = sourcecode.c.h; path = EditingViewController.h; sourceTree = "<group>"; };
		33964A06148EF86C00F37839 /* EditingViewController.m */ = {isa = PBXFileReference; fileEncoding = 4; lastKnownFileType = sourcecode.c.objc; path = EditingViewController.m; sourceTree = "<group>"; };
		33964A07148EF86C00F37839 /* EditingView.xib */ = {isa = PBXFileReference; fileEncoding = 4; lastKnownFileType = file.xib; path = EditingView.xib; sourceTree = "<group>"; };
		33964A0B148EFA2900F37839 /* AddViewController.h */ = {isa = PBXFileReference; fileEncoding = 4; lastKnownFileType = sourcecode.c.h; path = AddViewController.h; sourceTree = "<group>"; };
		33964A0C148EFA2900F37839 /* AddViewController.m */ = {isa = PBXFileReference; fileEncoding = 4; lastKnownFileType = sourcecode.c.objc; path = AddViewController.m; sourceTree = "<group>"; };
		33964A0F148F000100F37839 /* TaskTimerViewController.h */ = {isa = PBXFileReference; fileEncoding = 4; lastKnownFileType = sourcecode.c.h; path = TaskTimerViewController.h; sourceTree = "<group>"; };
		33964A10148F000100F37839 /* TaskTimerViewController.m */ = {isa = PBXFileReference; fileEncoding = 4; lastKnownFileType = sourcecode.c.objc; path = TaskTimerViewController.m; sourceTree = "<group>"; };
		33964A11148F000100F37839 /* TaskTimerView.xib */ = {isa = PBXFileReference; fileEncoding = 4; lastKnownFileType = file.xib; path = TaskTimerView.xib; sourceTree = "<group>"; };
		33964A1E148F0DBD00F37839 /* NSManagedObjectContext+FetchedObjectFromURI.h */ = {isa = PBXFileReference; fileEncoding = 4; lastKnownFileType = sourcecode.c.h; path = "NSManagedObjectContext+FetchedObjectFromURI.h"; sourceTree = "<group>"; };
		33964A1F148F0DBD00F37839 /* NSManagedObjectContext+FetchedObjectFromURI.m */ = {isa = PBXFileReference; fileEncoding = 4; lastKnownFileType = sourcecode.c.objc; path = "NSManagedObjectContext+FetchedObjectFromURI.m"; sourceTree = "<group>"; };
		33CDEC101495B7B7006DCCE2 /* MessageUI.framework */ = {isa = PBXFileReference; lastKnownFileType = wrapper.framework; name = MessageUI.framework; path = System/Library/Frameworks/MessageUI.framework; sourceTree = SDKROOT; };
		33CDEC1B1495C910006DCCE2 /* 11-clock.png */ = {isa = PBXFileReference; lastKnownFileType = image.png; path = "11-clock.png"; sourceTree = "<group>"; };
		33CDEC1D1495C91F006DCCE2 /* 20-gear2.png */ = {isa = PBXFileReference; lastKnownFileType = image.png; path = "20-gear2.png"; sourceTree = "<group>"; };
		33CDEC1F1495C960006DCCE2 /* 117-todo.png */ = {isa = PBXFileReference; lastKnownFileType = image.png; path = "117-todo.png"; sourceTree = "<group>"; };
		33CDEC211495C9BB006DCCE2 /* 78-stopwatch.png */ = {isa = PBXFileReference; lastKnownFileType = image.png; path = "78-stopwatch.png"; sourceTree = "<group>"; };
		33CDEC231495C9D2006DCCE2 /* 96-book.png */ = {isa = PBXFileReference; lastKnownFileType = image.png; path = "96-book.png"; sourceTree = "<group>"; };
		33CDEC251495C9DF006DCCE2 /* 40-inbox.png */ = {isa = PBXFileReference; lastKnownFileType = image.png; path = "40-inbox.png"; sourceTree = "<group>"; };
		33CDEC271495C9EC006DCCE2 /* 83-calendar.png */ = {isa = PBXFileReference; lastKnownFileType = image.png; path = "83-calendar.png"; sourceTree = "<group>"; };
		33DBCA3C14959FAC009947B1 /* HelpViewController.h */ = {isa = PBXFileReference; fileEncoding = 4; lastKnownFileType = sourcecode.c.h; path = HelpViewController.h; sourceTree = "<group>"; };
		33DBCA3D14959FAC009947B1 /* HelpViewController.m */ = {isa = PBXFileReference; fileEncoding = 4; lastKnownFileType = sourcecode.c.objc; path = HelpViewController.m; sourceTree = "<group>"; };
		33DBCA3E14959FAC009947B1 /* HelpView.xib */ = {isa = PBXFileReference; fileEncoding = 4; lastKnownFileType = file.xib; path = HelpView.xib; sourceTree = "<group>"; };
		33E2E480148EE31E005910F5 /* Tisk Task 3.app */ = {isa = PBXFileReference; explicitFileType = wrapper.application; includeInIndex = 0; path = "Tisk Task 3.app"; sourceTree = BUILT_PRODUCTS_DIR; };
		33E2E484148EE31E005910F5 /* UIKit.framework */ = {isa = PBXFileReference; lastKnownFileType = wrapper.framework; name = UIKit.framework; path = System/Library/Frameworks/UIKit.framework; sourceTree = SDKROOT; };
		33E2E486148EE31E005910F5 /* Foundation.framework */ = {isa = PBXFileReference; lastKnownFileType = wrapper.framework; name = Foundation.framework; path = System/Library/Frameworks/Foundation.framework; sourceTree = SDKROOT; };
		33E2E488148EE31E005910F5 /* CoreGraphics.framework */ = {isa = PBXFileReference; lastKnownFileType = wrapper.framework; name = CoreGraphics.framework; path = System/Library/Frameworks/CoreGraphics.framework; sourceTree = SDKROOT; };
		33E2E48C148EE31E005910F5 /* Tisk Task 3-Info.plist */ = {isa = PBXFileReference; lastKnownFileType = text.plist.xml; path = "Tisk Task 3-Info.plist"; sourceTree = "<group>"; };
		33E2E48E148EE31E005910F5 /* en */ = {isa = PBXFileReference; lastKnownFileType = text.plist.strings; name = en; path = en.lproj/InfoPlist.strings; sourceTree = "<group>"; };
		33E2E490148EE31E005910F5 /* main.m */ = {isa = PBXFileReference; lastKnownFileType = sourcecode.c.objc; path = main.m; sourceTree = "<group>"; };
		33E2E492148EE31E005910F5 /* Tisk Task 3-Prefix.pch */ = {isa = PBXFileReference; lastKnownFileType = sourcecode.c.h; path = "Tisk Task 3-Prefix.pch"; sourceTree = "<group>"; };
		33E2E493148EE31E005910F5 /* AppDelegate.h */ = {isa = PBXFileReference; lastKnownFileType = sourcecode.c.h; path = AppDelegate.h; sourceTree = "<group>"; };
		33E2E494148EE31E005910F5 /* AppDelegate.m */ = {isa = PBXFileReference; lastKnownFileType = sourcecode.c.objc; path = AppDelegate.m; sourceTree = "<group>"; };
		33E2E4B1148EE358005910F5 /* TaskDataModel.xcdatamodel */ = {isa = PBXFileReference; lastKnownFileType = wrapper.xcdatamodel; path = TaskDataModel.xcdatamodel; sourceTree = "<group>"; };
		33E2E4B9148EE46B005910F5 /* Signal_Light_-_Green.jpg */ = {isa = PBXFileReference; lastKnownFileType = image.jpeg; path = "Signal_Light_-_Green.jpg"; sourceTree = "<group>"; };
		33E2E4BC148EE47B005910F5 /* redlight.jpg */ = {isa = PBXFileReference; lastKnownFileType = image.jpeg; path = redlight.jpg; sourceTree = "<group>"; };
		33E2E4C0148EE494005910F5 /* icon.png */ = {isa = PBXFileReference; lastKnownFileType = image.png; name = icon.png; path = ../icon.png; sourceTree = "<group>"; };
		33E2E4C2148EE4EC005910F5 /* SettingsTableViewController.h */ = {isa = PBXFileReference; fileEncoding = 4; lastKnownFileType = sourcecode.c.h; path = SettingsTableViewController.h; sourceTree = "<group>"; };
		33E2E4C3148EE4EC005910F5 /* SettingsTableViewController.m */ = {isa = PBXFileReference; fileEncoding = 4; lastKnownFileType = sourcecode.c.objc; path = SettingsTableViewController.m; sourceTree = "<group>"; };
		33E2E4C4148EE4EC005910F5 /* SettingsTableView.xib */ = {isa = PBXFileReference; fileEncoding = 4; lastKnownFileType = file.xib; path = SettingsTableView.xib; sourceTree = "<group>"; };
		33E2E4C8148EE515005910F5 /* AllTaskViewController.h */ = {isa = PBXFileReference; fileEncoding = 4; lastKnownFileType = sourcecode.c.h; path = AllTaskViewController.h; sourceTree = "<group>"; };
		33E2E4C9148EE515005910F5 /* AllTaskViewController.m */ = {isa = PBXFileReference; fileEncoding = 4; lastKnownFileType = sourcecode.c.objc; path = AllTaskViewController.m; sourceTree = "<group>"; };
		33E2E4CA148EE515005910F5 /* AllTaskView.xib */ = {isa = PBXFileReference; fileEncoding = 4; lastKnownFileType = file.xib; path = AllTaskView.xib; sourceTree = "<group>"; };
		33E2E4CE148EE54D005910F5 /* HistoryViewController.h */ = {isa = PBXFileReference; fileEncoding = 4; lastKnownFileType = sourcecode.c.h; path = HistoryViewController.h; sourceTree = "<group>"; };
		33E2E4CF148EE54D005910F5 /* HistoryViewController.m */ = {isa = PBXFileReference; fileEncoding = 4; lastKnownFileType = sourcecode.c.objc; path = HistoryViewController.m; sourceTree = "<group>"; };
		33E2E4D0148EE54D005910F5 /* HistoryView.xib */ = {isa = PBXFileReference; fileEncoding = 4; lastKnownFileType = file.xib; path = HistoryView.xib; sourceTree = "<group>"; };
		33E2E4D4148EE57B005910F5 /* TodayTaskViewController.h */ = {isa = PBXFileReference; fileEncoding = 4; lastKnownFileType = sourcecode.c.h; path = TodayTaskViewController.h; sourceTree = "<group>"; };
		33E2E4D5148EE57B005910F5 /* TodayTaskViewController.m */ = {isa = PBXFileReference; fileEncoding = 4; lastKnownFileType = sourcecode.c.objc; path = TodayTaskViewController.m; sourceTree = "<group>"; };
		33E2E4D6148EE57B005910F5 /* TodayTaskView.xib */ = {isa = PBXFileReference; fileEncoding = 4; lastKnownFileType = file.xib; path = TodayTaskView.xib; sourceTree = "<group>"; };
		33E2E4DA148EE5C9005910F5 /* CoreData.framework */ = {isa = PBXFileReference; lastKnownFileType = wrapper.framework; name = CoreData.framework; path = System/Library/Frameworks/CoreData.framework; sourceTree = SDKROOT; };
		33F2BA781495CE7800439FBD /* Default.png */ = {isa = PBXFileReference; lastKnownFileType = image.png; name = Default.png; path = ../Default.png; sourceTree = "<group>"; };
		33F2BA7B1495CEF100439FBD /* Default@2x.png */ = {isa = PBXFileReference; lastKnownFileType = image.png; name = "Default@2x.png"; path = "../Default@2x.png"; sourceTree = "<group>"; };
		33F2BA8714965E9800439FBD /* TutorialViewController.h */ = {isa = PBXFileReference; fileEncoding = 4; lastKnownFileType = sourcecode.c.h; path = TutorialViewController.h; sourceTree = "<group>"; };
		33F2BA8814965E9800439FBD /* TutorialViewController.m */ = {isa = PBXFileReference; fileEncoding = 4; lastKnownFileType = sourcecode.c.objc; path = TutorialViewController.m; sourceTree = "<group>"; };
		33F2BA8914965E9800439FBD /* TutorialView.xib */ = {isa = PBXFileReference; fileEncoding = 4; lastKnownFileType = file.xib; path = TutorialView.xib; sourceTree = "<group>"; };
/* End PBXFileReference section */

/* Begin PBXFrameworksBuildPhase section */
		33E2E47D148EE31E005910F5 /* Frameworks */ = {
			isa = PBXFrameworksBuildPhase;
			buildActionMask = 2147483647;
			files = (
				33CDEC111495B7B7006DCCE2 /* MessageUI.framework in Frameworks */,
				33E2E4DB148EE5C9005910F5 /* CoreData.framework in Frameworks */,
				33E2E485148EE31E005910F5 /* UIKit.framework in Frameworks */,
				33E2E487148EE31E005910F5 /* Foundation.framework in Frameworks */,
				33E2E489148EE31E005910F5 /* CoreGraphics.framework in Frameworks */,
			);
			runOnlyForDeploymentPostprocessing = 0;
		};
/* End PBXFrameworksBuildPhase section */

/* Begin PBXGroup section */
		333E9583149435EA00736FF7 /* Completed Detail View */ = {
			isa = PBXGroup;
			children = (
				333E957D149435E600736FF7 /* CompletedDetailViewController.h */,
				333E957E149435E600736FF7 /* CompletedDetailViewController.m */,
				333E957F149435E600736FF7 /* CompletedDetailView.xib */,
			);
			name = "Completed Detail View";
			sourceTree = "<group>";
		};
		33800885148F192F00B66030 /* Meta Data Wrapper */ = {
			isa = PBXGroup;
			children = (
				33800882148F192B00B66030 /* MetaDataWrapper.h */,
				33800883148F192B00B66030 /* MetaDataWrapper.m */,
			);
			name = "Meta Data Wrapper";
			sourceTree = "<group>";
		};
		338F502F14949BE70060C819 /* Statistics Table View */ = {
			isa = PBXGroup;
			children = (
				338F502914949BE40060C819 /* StatisticsTableViewController.h */,
				338F502A14949BE40060C819 /* StatisticsTableViewController.m */,
				338F502B14949BE40060C819 /* StatisticsTableView.xib */,
			);
			name = "Statistics Table View";
			sourceTree = "<group>";
		};
		339649FC148EF36600F37839 /* Data Models */ = {
			isa = PBXGroup;
			children = (
				333E958414943B9B00736FF7 /* TaskInfo.h */,
				333E958514943B9B00736FF7 /* TaskInfo.m */,
			);
			name = "Data Models";
			sourceTree = "<group>";
		};
		33964A00148EF76A00F37839 /* Detail View Controller */ = {
			isa = PBXGroup;
			children = (
				339649FD148EF76600F37839 /* DetailViewController.h */,
				339649FE148EF76600F37839 /* DetailViewController.m */,
			);
			name = "Detail View Controller";
			sourceTree = "<group>";
		};
		33964A04148EF79300F37839 /* Countdown Formatter */ = {
			isa = PBXGroup;
			children = (
				33964A01148EF79000F37839 /* CountdownFormatter.h */,
				33964A02148EF79000F37839 /* CountdownFormatter.m */,
			);
			name = "Countdown Formatter";
			sourceTree = "<group>";
		};
		33964A0A148EF87000F37839 /* Editing View Controller */ = {
			isa = PBXGroup;
			children = (
				33964A05148EF86C00F37839 /* EditingViewController.h */,
				33964A06148EF86C00F37839 /* EditingViewController.m */,
				33964A07148EF86C00F37839 /* EditingView.xib */,
			);
			name = "Editing View Controller";
			sourceTree = "<group>";
		};
		33964A0E148EFA2C00F37839 /* Add View Controller */ = {
			isa = PBXGroup;
			children = (
				33964A0B148EFA2900F37839 /* AddViewController.h */,
				33964A0C148EFA2900F37839 /* AddViewController.m */,
			);
			name = "Add View Controller";
			sourceTree = "<group>";
		};
		33964A14148F000400F37839 /* Task Timer View */ = {
			isa = PBXGroup;
			children = (
				33964A0F148F000100F37839 /* TaskTimerViewController.h */,
				33964A10148F000100F37839 /* TaskTimerViewController.m */,
				33964A11148F000100F37839 /* TaskTimerView.xib */,
			);
			name = "Task Timer View";
			sourceTree = "<group>";
		};
		33964A21148F0DC400F37839 /* ManagedObject Category */ = {
			isa = PBXGroup;
			children = (
				33964A1E148F0DBD00F37839 /* NSManagedObjectContext+FetchedObjectFromURI.h */,
				33964A1F148F0DBD00F37839 /* NSManagedObjectContext+FetchedObjectFromURI.m */,
			);
			name = "ManagedObject Category";
			sourceTree = "<group>";
		};
		33CDEC291495C9FE006DCCE2 /* Tab Bar Icons */ = {
			isa = PBXGroup;
			children = (
				33CDEC271495C9EC006DCCE2 /* 83-calendar.png */,
				33CDEC251495C9DF006DCCE2 /* 40-inbox.png */,
				33CDEC231495C9D2006DCCE2 /* 96-book.png */,
				33CDEC1F1495C960006DCCE2 /* 117-todo.png */,
				33CDEC1D1495C91F006DCCE2 /* 20-gear2.png */,
				33CDEC1B1495C910006DCCE2 /* 11-clock.png */,
				33CDEC211495C9BB006DCCE2 /* 78-stopwatch.png */,
			);
			name = "Tab Bar Icons";
			sourceTree = "<group>";
		};
		33DBCA4214959FBA009947B1 /* Help View Controller */ = {
			isa = PBXGroup;
			children = (
				33DBCA3C14959FAC009947B1 /* HelpViewController.h */,
				33DBCA3D14959FAC009947B1 /* HelpViewController.m */,
				33DBCA3E14959FAC009947B1 /* HelpView.xib */,
				33F2BA8C14965E9C00439FBD /* Tutorial View */,
			);
			name = "Help View Controller";
			sourceTree = "<group>";
		};
		33E2E475148EE31E005910F5 = {
			isa = PBXGroup;
			children = (
				33E2E48A148EE31E005910F5 /* Tisk Task 3 */,
				33E2E483148EE31E005910F5 /* Frameworks */,
				33E2E481148EE31E005910F5 /* Products */,
			);
			sourceTree = "<group>";
		};
		33E2E481148EE31E005910F5 /* Products */ = {
			isa = PBXGroup;
			children = (
				33E2E480148EE31E005910F5 /* Tisk Task 3.app */,
			);
			name = Products;
			sourceTree = "<group>";
		};
		33E2E483148EE31E005910F5 /* Frameworks */ = {
			isa = PBXGroup;
			children = (
				33CDEC101495B7B7006DCCE2 /* MessageUI.framework */,
				33E2E4DA148EE5C9005910F5 /* CoreData.framework */,
				33E2E484148EE31E005910F5 /* UIKit.framework */,
				33E2E486148EE31E005910F5 /* Foundation.framework */,
				33E2E488148EE31E005910F5 /* CoreGraphics.framework */,
			);
			name = Frameworks;
			sourceTree = "<group>";
		};
		33E2E48A148EE31E005910F5 /* Tisk Task 3 */ = {
			isa = PBXGroup;
			children = (
				33E2E4AF148EE32F005910F5 /* App Delegate */,
				33E2E4CD148EE518005910F5 /* All Task View Controller */,
				33E2E4D9148EE580005910F5 /* Today Task View Controller */,
				33E2E4D3148EE551005910F5 /* History View Controller */,
				33E2E4C7148EE4F0005910F5 /* Settings Table View */,
				33E2E4DC148EE5D8005910F5 /* Resources */,
				33E2E48B148EE31E005910F5 /* Supporting Files */,
			);
			path = "Tisk Task 3";
			sourceTree = "<group>";
		};
		33E2E48B148EE31E005910F5 /* Supporting Files */ = {
			isa = PBXGroup;
			children = (
				33E2E48C148EE31E005910F5 /* Tisk Task 3-Info.plist */,
				33E2E48D148EE31E005910F5 /* InfoPlist.strings */,
				33E2E490148EE31E005910F5 /* main.m */,
				33E2E492148EE31E005910F5 /* Tisk Task 3-Prefix.pch */,
			);
			name = "Supporting Files";
			sourceTree = "<group>";
		};
		33E2E4AF148EE32F005910F5 /* App Delegate */ = {
			isa = PBXGroup;
			children = (
				33E2E493148EE31E005910F5 /* AppDelegate.h */,
				33E2E494148EE31E005910F5 /* AppDelegate.m */,
				33DBCA4214959FBA009947B1 /* Help View Controller */,
			);
			name = "App Delegate";
			sourceTree = "<group>";
		};
		33E2E4B3148EE366005910F5 /* Images */ = {
			isa = PBXGroup;
			children = (
				33F2BA7B1495CEF100439FBD /* Default@2x.png */,
				33F2BA781495CE7800439FBD /* Default.png */,
				33CDEC291495C9FE006DCCE2 /* Tab Bar Icons */,
				33E2E4B9148EE46B005910F5 /* Signal_Light_-_Green.jpg */,
				33E2E4BC148EE47B005910F5 /* redlight.jpg */,
				33E2E4C0148EE494005910F5 /* icon.png */,
			);
			name = Images;
			sourceTree = "<group>";
		};
		33E2E4C7148EE4F0005910F5 /* Settings Table View */ = {
			isa = PBXGroup;
			children = (
				33E2E4C2148EE4EC005910F5 /* SettingsTableViewController.h */,
				33E2E4C3148EE4EC005910F5 /* SettingsTableViewController.m */,
				33E2E4C4148EE4EC005910F5 /* SettingsTableView.xib */,
				338F502F14949BE70060C819 /* Statistics Table View */,
			);
			name = "Settings Table View";
			sourceTree = "<group>";
		};
		33E2E4CD148EE518005910F5 /* All Task View Controller */ = {
			isa = PBXGroup;
			children = (
				33E2E4C8148EE515005910F5 /* AllTaskViewController.h */,
				33E2E4C9148EE515005910F5 /* AllTaskViewController.m */,
				33E2E4CA148EE515005910F5 /* AllTaskView.xib */,
				33964A00148EF76A00F37839 /* Detail View Controller */,
				33964A0A148EF87000F37839 /* Editing View Controller */,
				33964A0E148EFA2C00F37839 /* Add View Controller */,
			);
			name = "All Task View Controller";
			sourceTree = "<group>";
		};
		33E2E4D3148EE551005910F5 /* History View Controller */ = {
			isa = PBXGroup;
			children = (
				33E2E4CE148EE54D005910F5 /* HistoryViewController.h */,
				33E2E4CF148EE54D005910F5 /* HistoryViewController.m */,
				33E2E4D0148EE54D005910F5 /* HistoryView.xib */,
				333E9583149435EA00736FF7 /* Completed Detail View */,
			);
			name = "History View Controller";
			sourceTree = "<group>";
		};
		33E2E4D9148EE580005910F5 /* Today Task View Controller */ = {
			isa = PBXGroup;
			children = (
				33E2E4D4148EE57B005910F5 /* TodayTaskViewController.h */,
				33E2E4D5148EE57B005910F5 /* TodayTaskViewController.m */,
				33E2E4D6148EE57B005910F5 /* TodayTaskView.xib */,
				33964A14148F000400F37839 /* Task Timer View */,
			);
			name = "Today Task View Controller";
			sourceTree = "<group>";
		};
		33E2E4DC148EE5D8005910F5 /* Resources */ = {
			isa = PBXGroup;
			children = (
				33800885148F192F00B66030 /* Meta Data Wrapper */,
				3380087F148F16F200B66030 /* MetaData.plist */,
				339649FC148EF36600F37839 /* Data Models */,
				33964A04148EF79300F37839 /* Countdown Formatter */,
				33964A21148F0DC400F37839 /* ManagedObject Category */,
				33E2E4B3148EE366005910F5 /* Images */,
				33E2E4B0148EE358005910F5 /* TaskDataModel.xcdatamodeld */,
			);
			name = Resources;
			sourceTree = "<group>";
		};
		33F2BA8C14965E9C00439FBD /* Tutorial View */ = {
			isa = PBXGroup;
			children = (
				33F2BA8714965E9800439FBD /* TutorialViewController.h */,
				33F2BA8814965E9800439FBD /* TutorialViewController.m */,
				33F2BA8914965E9800439FBD /* TutorialView.xib */,
			);
			name = "Tutorial View";
			sourceTree = "<group>";
		};
/* End PBXGroup section */

/* Begin PBXNativeTarget section */
		33E2E47F148EE31E005910F5 /* Tisk Task 3 */ = {
			isa = PBXNativeTarget;
			buildConfigurationList = 33E2E4AC148EE31E005910F5 /* Build configuration list for PBXNativeTarget "Tisk Task 3" */;
			buildPhases = (
				33E2E47C148EE31E005910F5 /* Sources */,
				33E2E47D148EE31E005910F5 /* Frameworks */,
				33E2E47E148EE31E005910F5 /* Resources */,
			);
			buildRules = (
			);
			dependencies = (
			);
			name = "Tisk Task 3";
			productName = "Tisk Task 3";
			productReference = 33E2E480148EE31E005910F5 /* Tisk Task 3.app */;
			productType = "com.apple.product-type.application";
		};
/* End PBXNativeTarget section */

/* Begin PBXProject section */
		33E2E477148EE31E005910F5 /* Project object */ = {
			isa = PBXProject;
			attributes = {
				LastUpgradeCheck = 0420;
				ORGANIZATIONNAME = "University of Illinois";
			};
			buildConfigurationList = 33E2E47A148EE31E005910F5 /* Build configuration list for PBXProject "Tisk Task 3" */;
			compatibilityVersion = "Xcode 3.2";
			developmentRegion = English;
			hasScannedForEncodings = 0;
			knownRegions = (
				en,
			);
			mainGroup = 33E2E475148EE31E005910F5;
			productRefGroup = 33E2E481148EE31E005910F5 /* Products */;
			projectDirPath = "";
			projectRoot = "";
			targets = (
				33E2E47F148EE31E005910F5 /* Tisk Task 3 */,
			);
		};
/* End PBXProject section */

/* Begin PBXResourcesBuildPhase section */
		33E2E47E148EE31E005910F5 /* Resources */ = {
			isa = PBXResourcesBuildPhase;
			buildActionMask = 2147483647;
			files = (
				33E2E48F148EE31E005910F5 /* InfoPlist.strings in Resources */,
				33E2E4BA148EE46B005910F5 /* Signal_Light_-_Green.jpg in Resources */,
				33E2E4BD148EE47B005910F5 /* redlight.jpg in Resources */,
				33E2E4C1148EE494005910F5 /* icon.png in Resources */,
				33E2E4C6148EE4EC005910F5 /* SettingsTableView.xib in Resources */,
				33E2E4CC148EE515005910F5 /* AllTaskView.xib in Resources */,
				33E2E4D2148EE54D005910F5 /* HistoryView.xib in Resources */,
				33E2E4D8148EE57B005910F5 /* TodayTaskView.xib in Resources */,
				33964A09148EF86C00F37839 /* EditingView.xib in Resources */,
				33964A13148F000100F37839 /* TaskTimerView.xib in Resources */,
				33800880148F16F200B66030 /* MetaData.plist in Resources */,
				333E9581149435E600736FF7 /* CompletedDetailView.xib in Resources */,
				338F502D14949BE40060C819 /* StatisticsTableView.xib in Resources */,
				33DBCA4014959FAC009947B1 /* HelpView.xib in Resources */,
				33CDEC1C1495C910006DCCE2 /* 11-clock.png in Resources */,
				33CDEC1E1495C91F006DCCE2 /* 20-gear2.png in Resources */,
				33CDEC201495C960006DCCE2 /* 117-todo.png in Resources */,
				33CDEC221495C9BB006DCCE2 /* 78-stopwatch.png in Resources */,
				33CDEC241495C9D2006DCCE2 /* 96-book.png in Resources */,
				33CDEC261495C9DF006DCCE2 /* 40-inbox.png in Resources */,
				33CDEC281495C9EC006DCCE2 /* 83-calendar.png in Resources */,
				33F2BA791495CE7800439FBD /* Default.png in Resources */,
				33F2BA7C1495CEF100439FBD /* Default@2x.png in Resources */,
				33F2BA8B14965E9800439FBD /* TutorialView.xib in Resources */,
			);
			runOnlyForDeploymentPostprocessing = 0;
		};
/* End PBXResourcesBuildPhase section */

/* Begin PBXSourcesBuildPhase section */
		33E2E47C148EE31E005910F5 /* Sources */ = {
			isa = PBXSourcesBuildPhase;
			buildActionMask = 2147483647;
			files = (
				33E2E491148EE31E005910F5 /* main.m in Sources */,
				33E2E495148EE31E005910F5 /* AppDelegate.m in Sources */,
				33E2E4B2148EE358005910F5 /* TaskDataModel.xcdatamodeld in Sources */,
				33E2E4C5148EE4EC005910F5 /* SettingsTableViewController.m in Sources */,
				33E2E4CB148EE515005910F5 /* AllTaskViewController.m in Sources */,
				33E2E4D1148EE54D005910F5 /* HistoryViewController.m in Sources */,
				33E2E4D7148EE57B005910F5 /* TodayTaskViewController.m in Sources */,
				339649FF148EF76600F37839 /* DetailViewController.m in Sources */,
				33964A03148EF79000F37839 /* CountdownFormatter.m in Sources */,
				33964A08148EF86C00F37839 /* EditingViewController.m in Sources */,
				33964A0D148EFA2900F37839 /* AddViewController.m in Sources */,
				33964A12148F000100F37839 /* TaskTimerViewController.m in Sources */,
				33964A20148F0DBE00F37839 /* NSManagedObjectContext+FetchedObjectFromURI.m in Sources */,
				33800884148F192B00B66030 /* MetaDataWrapper.m in Sources */,
				333E9580149435E600736FF7 /* CompletedDetailViewController.m in Sources */,
				333E958614943B9B00736FF7 /* TaskInfo.m in Sources */,
				338F502C14949BE40060C819 /* StatisticsTableViewController.m in Sources */,
				33DBCA3F14959FAC009947B1 /* HelpViewController.m in Sources */,
				33F2BA8A14965E9800439FBD /* TutorialViewController.m in Sources */,
			);
			runOnlyForDeploymentPostprocessing = 0;
		};
/* End PBXSourcesBuildPhase section */

/* Begin PBXVariantGroup section */
		33E2E48D148EE31E005910F5 /* InfoPlist.strings */ = {
			isa = PBXVariantGroup;
			children = (
				33E2E48E148EE31E005910F5 /* en */,
			);
			name = InfoPlist.strings;
			sourceTree = "<group>";
		};
/* End PBXVariantGroup section */

/* Begin XCBuildConfiguration section */
		33E2E4AA148EE31E005910F5 /* Debug */ = {
			isa = XCBuildConfiguration;
			buildSettings = {
				ALWAYS_SEARCH_USER_PATHS = NO;
				ARCHS = "$(ARCHS_STANDARD_32_BIT)";
				"CODE_SIGN_IDENTITY[sdk=iphoneos*]" = "iPhone Developer";
				COPY_PHASE_STRIP = NO;
				GCC_C_LANGUAGE_STANDARD = gnu99;
				GCC_DYNAMIC_NO_PIC = NO;
				GCC_OPTIMIZATION_LEVEL = 0;
				GCC_PREPROCESSOR_DEFINITIONS = (
					"DEBUG=1",
					"$(inherited)",
				);
				GCC_SYMBOLS_PRIVATE_EXTERN = NO;
				GCC_VERSION = com.apple.compilers.llvm.clang.1_0;
				GCC_WARN_ABOUT_MISSING_PROTOTYPES = YES;
				GCC_WARN_ABOUT_RETURN_TYPE = YES;
				GCC_WARN_UNUSED_VARIABLE = YES;
				IPHONEOS_DEPLOYMENT_TARGET = 5.0;
				SDKROOT = iphoneos;
			};
			name = Debug;
		};
		33E2E4AB148EE31E005910F5 /* Release */ = {
			isa = XCBuildConfiguration;
			buildSettings = {
				ALWAYS_SEARCH_USER_PATHS = NO;
				ARCHS = "$(ARCHS_STANDARD_32_BIT)";
				"CODE_SIGN_IDENTITY[sdk=iphoneos*]" = "iPhone Developer";
				COPY_PHASE_STRIP = YES;
				GCC_C_LANGUAGE_STANDARD = gnu99;
				GCC_VERSION = com.apple.compilers.llvm.clang.1_0;
				GCC_WARN_ABOUT_MISSING_PROTOTYPES = YES;
				GCC_WARN_ABOUT_RETURN_TYPE = YES;
				GCC_WARN_UNUSED_VARIABLE = YES;
				IPHONEOS_DEPLOYMENT_TARGET = 5.0;
				OTHER_CFLAGS = "-DNS_BLOCK_ASSERTIONS=1";
				SDKROOT = iphoneos;
				VALIDATE_PRODUCT = YES;
			};
			name = Release;
		};
		33E2E4AD148EE31E005910F5 /* Debug */ = {
			isa = XCBuildConfiguration;
			buildSettings = {
				GCC_PRECOMPILE_PREFIX_HEADER = YES;
				GCC_PREFIX_HEADER = "Tisk Task 3/Tisk Task 3-Prefix.pch";
				INFOPLIST_FILE = "Tisk Task 3/Tisk Task 3-Info.plist";
				PRODUCT_NAME = "$(TARGET_NAME)";
				TARGETED_DEVICE_FAMILY = 1;
				WRAPPER_EXTENSION = app;
			};
			name = Debug;
		};
		33E2E4AE148EE31E005910F5 /* Release */ = {
			isa = XCBuildConfiguration;
			buildSettings = {
				GCC_PRECOMPILE_PREFIX_HEADER = YES;
				GCC_PREFIX_HEADER = "Tisk Task 3/Tisk Task 3-Prefix.pch";
				INFOPLIST_FILE = "Tisk Task 3/Tisk Task 3-Info.plist";
				PRODUCT_NAME = "$(TARGET_NAME)";
				TARGETED_DEVICE_FAMILY = 1;
				WRAPPER_EXTENSION = app;
			};
			name = Release;
		};
/* End XCBuildConfiguration section */

/* Begin XCConfigurationList section */
		33E2E47A148EE31E005910F5 /* Build configuration list for PBXProject "Tisk Task 3" */ = {
			isa = XCConfigurationList;
			buildConfigurations = (
				33E2E4AA148EE31E005910F5 /* Debug */,
				33E2E4AB148EE31E005910F5 /* Release */,
			);
			defaultConfigurationIsVisible = 0;
			defaultConfigurationName = Release;
		};
		33E2E4AC148EE31E005910F5 /* Build configuration list for PBXNativeTarget "Tisk Task 3" */ = {
			isa = XCConfigurationList;
			buildConfigurations = (
				33E2E4AD148EE31E005910F5 /* Debug */,
				33E2E4AE148EE31E005910F5 /* Release */,
			);
			defaultConfigurationIsVisible = 0;
			defaultConfigurationName = Release;
		};
/* End XCConfigurationList section */

/* Begin XCVersionGroup section */
		33E2E4B0148EE358005910F5 /* TaskDataModel.xcdatamodeld */ = {
			isa = XCVersionGroup;
			children = (
				33E2E4B1148EE358005910F5 /* TaskDataModel.xcdatamodel */,
			);
			currentVersion = 33E2E4B1148EE358005910F5 /* TaskDataModel.xcdatamodel */;
			path = TaskDataModel.xcdatamodeld;
			sourceTree = "<group>";
			versionGroupType = wrapper.xcdatamodel;
		};
/* End XCVersionGroup section */
	};
	rootObject = 33E2E477148EE31E005910F5 /* Project object */;
}
