// !$*UTF8*$!
{
	archiveVersion = 1;
	classes = {
	};
	objectVersion = 46;
	objects = {

/* Begin PBXBuildFile section */
		333146EA146DD9FB008ED8B6 /* UIKit.framework in Frameworks */ = {isa = PBXBuildFile; fileRef = 333146E9146DD9FB008ED8B6 /* UIKit.framework */; };
		333146EC146DD9FB008ED8B6 /* Foundation.framework in Frameworks */ = {isa = PBXBuildFile; fileRef = 333146EB146DD9FB008ED8B6 /* Foundation.framework */; };
		333146EE146DD9FB008ED8B6 /* CoreGraphics.framework in Frameworks */ = {isa = PBXBuildFile; fileRef = 333146ED146DD9FB008ED8B6 /* CoreGraphics.framework */; };
		333146F4146DD9FB008ED8B6 /* InfoPlist.strings in Resources */ = {isa = PBXBuildFile; fileRef = 333146F2146DD9FB008ED8B6 /* InfoPlist.strings */; };
		333146F6146DD9FC008ED8B6 /* main.m in Sources */ = {isa = PBXBuildFile; fileRef = 333146F5146DD9FC008ED8B6 /* main.m */; };
		333146FA146DD9FC008ED8B6 /* AppDelegate.m in Sources */ = {isa = PBXBuildFile; fileRef = 333146F9146DD9FC008ED8B6 /* AppDelegate.m */; };
		333146FF146DD9FC008ED8B6 /* first.png in Resources */ = {isa = PBXBuildFile; fileRef = 333146FE146DD9FC008ED8B6 /* first.png */; };
		33314701146DD9FC008ED8B6 /* first@2x.png in Resources */ = {isa = PBXBuildFile; fileRef = 33314700146DD9FC008ED8B6 /* first@2x.png */; };
		33314706146DD9FC008ED8B6 /* second.png in Resources */ = {isa = PBXBuildFile; fileRef = 33314705146DD9FC008ED8B6 /* second.png */; };
		33314708146DD9FC008ED8B6 /* second@2x.png in Resources */ = {isa = PBXBuildFile; fileRef = 33314707146DD9FC008ED8B6 /* second@2x.png */; };
		335596C31489711F00D04AAF /* CompletedTaskTableViewController.m in Sources */ = {isa = PBXBuildFile; fileRef = 335596C11489711F00D04AAF /* CompletedTaskTableViewController.m */; };
		335596C41489711F00D04AAF /* CompletedTaskTableView.xib in Resources */ = {isa = PBXBuildFile; fileRef = 335596C21489711F00D04AAF /* CompletedTaskTableView.xib */; };
		335596C81489798900D04AAF /* icon.png in Resources */ = {isa = PBXBuildFile; fileRef = 335596C71489798900D04AAF /* icon.png */; };
		335596CC1489837C00D04AAF /* TaskTimerViewController.m in Sources */ = {isa = PBXBuildFile; fileRef = 335596CA1489837C00D04AAF /* TaskTimerViewController.m */; };
		335596CD1489837C00D04AAF /* TaskTimerView.xib in Resources */ = {isa = PBXBuildFile; fileRef = 335596CB1489837C00D04AAF /* TaskTimerView.xib */; };
		335596D1148993EC00D04AAF /* TaskDetails.m in Sources */ = {isa = PBXBuildFile; fileRef = 335596D0148993EC00D04AAF /* TaskDetails.m */; };
		335596D4148993EC00D04AAF /* TaskInfo.m in Sources */ = {isa = PBXBuildFile; fileRef = 335596D3148993EC00D04AAF /* TaskInfo.m */; };
		335596D61489968000D04AAF /* start-button.jpg in Resources */ = {isa = PBXBuildFile; fileRef = 335596D51489968000D04AAF /* start-button.jpg */; };
		33D900F8146DDC3F00EEBF6E /* TaskDataModel.xcdatamodeld in Sources */ = {isa = PBXBuildFile; fileRef = 33D900F6146DDC3F00EEBF6E /* TaskDataModel.xcdatamodeld */; };
		33D9010C146DE0B200EEBF6E /* CoreData.framework in Frameworks */ = {isa = PBXBuildFile; fileRef = 33D9010B146DE0B200EEBF6E /* CoreData.framework */; };
		33D9011C146DE6F700EEBF6E /* AllTaskTableViewController.m in Sources */ = {isa = PBXBuildFile; fileRef = 33D9011A146DE6F700EEBF6E /* AllTaskTableViewController.m */; };
		33D9011D146DE6F700EEBF6E /* AllTaskTableView.xib in Resources */ = {isa = PBXBuildFile; fileRef = 33D9011B146DE6F700EEBF6E /* AllTaskTableView.xib */; };
		33D90122146DE71000EEBF6E /* TodayTaskTableViewController.m in Sources */ = {isa = PBXBuildFile; fileRef = 33D90120146DE71000EEBF6E /* TodayTaskTableViewController.m */; };
		33D90123146DE71000EEBF6E /* TodayTaskTableView.xib in Resources */ = {isa = PBXBuildFile; fileRef = 33D90121146DE71000EEBF6E /* TodayTaskTableView.xib */; };
		33D90128146DE75000EEBF6E /* SettingsTableViewController.m in Sources */ = {isa = PBXBuildFile; fileRef = 33D90126146DE75000EEBF6E /* SettingsTableViewController.m */; };
		33D90129146DE75000EEBF6E /* SettingsTableView.xib in Resources */ = {isa = PBXBuildFile; fileRef = 33D90127146DE75000EEBF6E /* SettingsTableView.xib */; };
		33DB79ED14882BFF00FC7BF9 /* EditingViewController.m in Sources */ = {isa = PBXBuildFile; fileRef = 33DB79EB14882BFF00FC7BF9 /* EditingViewController.m */; };
		33DB79EE14882BFF00FC7BF9 /* EditingView.xib in Resources */ = {isa = PBXBuildFile; fileRef = 33DB79EC14882BFF00FC7BF9 /* EditingView.xib */; };
		33DB79F314882C4100FC7BF9 /* DetailViewController.m in Sources */ = {isa = PBXBuildFile; fileRef = 33DB79F214882C4100FC7BF9 /* DetailViewController.m */; };
		33DB79F714882C7400FC7BF9 /* AddViewController.m in Sources */ = {isa = PBXBuildFile; fileRef = 33DB79F614882C7400FC7BF9 /* AddViewController.m */; };
/* End PBXBuildFile section */

/* Begin PBXFileReference section */
		333146E5146DD9FB008ED8B6 /* Tisk Task 2.app */ = {isa = PBXFileReference; explicitFileType = wrapper.application; includeInIndex = 0; path = "Tisk Task 2.app"; sourceTree = BUILT_PRODUCTS_DIR; };
		333146E9146DD9FB008ED8B6 /* UIKit.framework */ = {isa = PBXFileReference; lastKnownFileType = wrapper.framework; name = UIKit.framework; path = System/Library/Frameworks/UIKit.framework; sourceTree = SDKROOT; };
		333146EB146DD9FB008ED8B6 /* Foundation.framework */ = {isa = PBXFileReference; lastKnownFileType = wrapper.framework; name = Foundation.framework; path = System/Library/Frameworks/Foundation.framework; sourceTree = SDKROOT; };
		333146ED146DD9FB008ED8B6 /* CoreGraphics.framework */ = {isa = PBXFileReference; lastKnownFileType = wrapper.framework; name = CoreGraphics.framework; path = System/Library/Frameworks/CoreGraphics.framework; sourceTree = SDKROOT; };
		333146F1146DD9FB008ED8B6 /* Tisk Task 2-Info.plist */ = {isa = PBXFileReference; lastKnownFileType = text.plist.xml; path = "Tisk Task 2-Info.plist"; sourceTree = "<group>"; };
		333146F3146DD9FB008ED8B6 /* en */ = {isa = PBXFileReference; lastKnownFileType = text.plist.strings; name = en; path = en.lproj/InfoPlist.strings; sourceTree = "<group>"; };
		333146F5146DD9FC008ED8B6 /* main.m */ = {isa = PBXFileReference; lastKnownFileType = sourcecode.c.objc; path = main.m; sourceTree = "<group>"; };
		333146F7146DD9FC008ED8B6 /* Tisk Task 2-Prefix.pch */ = {isa = PBXFileReference; lastKnownFileType = sourcecode.c.h; path = "Tisk Task 2-Prefix.pch"; sourceTree = "<group>"; };
		333146F8146DD9FC008ED8B6 /* AppDelegate.h */ = {isa = PBXFileReference; lastKnownFileType = sourcecode.c.h; path = AppDelegate.h; sourceTree = "<group>"; };
		333146F9146DD9FC008ED8B6 /* AppDelegate.m */ = {isa = PBXFileReference; lastKnownFileType = sourcecode.c.objc; path = AppDelegate.m; sourceTree = "<group>"; };
		333146FE146DD9FC008ED8B6 /* first.png */ = {isa = PBXFileReference; lastKnownFileType = image.png; path = first.png; sourceTree = "<group>"; };
		33314700146DD9FC008ED8B6 /* first@2x.png */ = {isa = PBXFileReference; lastKnownFileType = image.png; path = "first@2x.png"; sourceTree = "<group>"; };
		33314705146DD9FC008ED8B6 /* second.png */ = {isa = PBXFileReference; lastKnownFileType = image.png; path = second.png; sourceTree = "<group>"; };
		33314707146DD9FC008ED8B6 /* second@2x.png */ = {isa = PBXFileReference; lastKnownFileType = image.png; path = "second@2x.png"; sourceTree = "<group>"; };
		335596C01489711F00D04AAF /* CompletedTaskTableViewController.h */ = {isa = PBXFileReference; fileEncoding = 4; lastKnownFileType = sourcecode.c.h; path = CompletedTaskTableViewController.h; sourceTree = "<group>"; };
		335596C11489711F00D04AAF /* CompletedTaskTableViewController.m */ = {isa = PBXFileReference; fileEncoding = 4; lastKnownFileType = sourcecode.c.objc; path = CompletedTaskTableViewController.m; sourceTree = "<group>"; };
		335596C21489711F00D04AAF /* CompletedTaskTableView.xib */ = {isa = PBXFileReference; fileEncoding = 4; lastKnownFileType = file.xib; path = CompletedTaskTableView.xib; sourceTree = "<group>"; };
		335596C71489798900D04AAF /* icon.png */ = {isa = PBXFileReference; lastKnownFileType = image.png; name = icon.png; path = ../icon.png; sourceTree = "<group>"; };
		335596C91489837C00D04AAF /* TaskTimerViewController.h */ = {isa = PBXFileReference; fileEncoding = 4; lastKnownFileType = sourcecode.c.h; path = TaskTimerViewController.h; sourceTree = "<group>"; };
		335596CA1489837C00D04AAF /* TaskTimerViewController.m */ = {isa = PBXFileReference; fileEncoding = 4; lastKnownFileType = sourcecode.c.objc; path = TaskTimerViewController.m; sourceTree = "<group>"; };
		335596CB1489837C00D04AAF /* TaskTimerView.xib */ = {isa = PBXFileReference; fileEncoding = 4; lastKnownFileType = file.xib; path = TaskTimerView.xib; sourceTree = "<group>"; };
		335596CF148993EC00D04AAF /* TaskDetails.h */ = {isa = PBXFileReference; fileEncoding = 4; lastKnownFileType = sourcecode.c.h; path = TaskDetails.h; sourceTree = "<group>"; };
		335596D0148993EC00D04AAF /* TaskDetails.m */ = {isa = PBXFileReference; fileEncoding = 4; lastKnownFileType = sourcecode.c.objc; path = TaskDetails.m; sourceTree = "<group>"; };
		335596D2148993EC00D04AAF /* TaskInfo.h */ = {isa = PBXFileReference; fileEncoding = 4; lastKnownFileType = sourcecode.c.h; path = TaskInfo.h; sourceTree = "<group>"; };
		335596D3148993EC00D04AAF /* TaskInfo.m */ = {isa = PBXFileReference; fileEncoding = 4; lastKnownFileType = sourcecode.c.objc; path = TaskInfo.m; sourceTree = "<group>"; };
		335596D51489968000D04AAF /* start-button.jpg */ = {isa = PBXFileReference; lastKnownFileType = image.jpeg; path = "start-button.jpg"; sourceTree = "<group>"; };
		33D900F7146DDC3F00EEBF6E /* TaskDataModel.xcdatamodel */ = {isa = PBXFileReference; lastKnownFileType = wrapper.xcdatamodel; path = TaskDataModel.xcdatamodel; sourceTree = "<group>"; };
		33D9010B146DE0B200EEBF6E /* CoreData.framework */ = {isa = PBXFileReference; lastKnownFileType = wrapper.framework; name = CoreData.framework; path = System/Library/Frameworks/CoreData.framework; sourceTree = SDKROOT; };
		33D90119146DE6F700EEBF6E /* AllTaskTableViewController.h */ = {isa = PBXFileReference; fileEncoding = 4; lastKnownFileType = sourcecode.c.h; path = AllTaskTableViewController.h; sourceTree = "<group>"; };
		33D9011A146DE6F700EEBF6E /* AllTaskTableViewController.m */ = {isa = PBXFileReference; fileEncoding = 4; lastKnownFileType = sourcecode.c.objc; path = AllTaskTableViewController.m; sourceTree = "<group>"; };
		33D9011B146DE6F700EEBF6E /* AllTaskTableView.xib */ = {isa = PBXFileReference; fileEncoding = 4; lastKnownFileType = file.xib; path = AllTaskTableView.xib; sourceTree = "<group>"; };
		33D9011F146DE71000EEBF6E /* TodayTaskTableViewController.h */ = {isa = PBXFileReference; fileEncoding = 4; lastKnownFileType = sourcecode.c.h; path = TodayTaskTableViewController.h; sourceTree = "<group>"; };
		33D90120146DE71000EEBF6E /* TodayTaskTableViewController.m */ = {isa = PBXFileReference; fileEncoding = 4; lastKnownFileType = sourcecode.c.objc; path = TodayTaskTableViewController.m; sourceTree = "<group>"; };
		33D90121146DE71000EEBF6E /* TodayTaskTableView.xib */ = {isa = PBXFileReference; fileEncoding = 4; lastKnownFileType = file.xib; path = TodayTaskTableView.xib; sourceTree = "<group>"; };
		33D90125146DE75000EEBF6E /* SettingsTableViewController.h */ = {isa = PBXFileReference; fileEncoding = 4; lastKnownFileType = sourcecode.c.h; path = SettingsTableViewController.h; sourceTree = "<group>"; };
		33D90126146DE75000EEBF6E /* SettingsTableViewController.m */ = {isa = PBXFileReference; fileEncoding = 4; lastKnownFileType = sourcecode.c.objc; path = SettingsTableViewController.m; sourceTree = "<group>"; };
		33D90127146DE75000EEBF6E /* SettingsTableView.xib */ = {isa = PBXFileReference; fileEncoding = 4; lastKnownFileType = file.xib; path = SettingsTableView.xib; sourceTree = "<group>"; };
		33DB79EA14882BFF00FC7BF9 /* EditingViewController.h */ = {isa = PBXFileReference; fileEncoding = 4; lastKnownFileType = sourcecode.c.h; path = EditingViewController.h; sourceTree = "<group>"; };
		33DB79EB14882BFF00FC7BF9 /* EditingViewController.m */ = {isa = PBXFileReference; fileEncoding = 4; lastKnownFileType = sourcecode.c.objc; path = EditingViewController.m; sourceTree = "<group>"; };
		33DB79EC14882BFF00FC7BF9 /* EditingView.xib */ = {isa = PBXFileReference; fileEncoding = 4; lastKnownFileType = file.xib; path = EditingView.xib; sourceTree = "<group>"; };
		33DB79F114882C4100FC7BF9 /* DetailViewController.h */ = {isa = PBXFileReference; fileEncoding = 4; lastKnownFileType = sourcecode.c.h; path = DetailViewController.h; sourceTree = "<group>"; };
		33DB79F214882C4100FC7BF9 /* DetailViewController.m */ = {isa = PBXFileReference; fileEncoding = 4; lastKnownFileType = sourcecode.c.objc; path = DetailViewController.m; sourceTree = "<group>"; };
		33DB79F514882C7400FC7BF9 /* AddViewController.h */ = {isa = PBXFileReference; fileEncoding = 4; lastKnownFileType = sourcecode.c.h; path = AddViewController.h; sourceTree = "<group>"; };
		33DB79F614882C7400FC7BF9 /* AddViewController.m */ = {isa = PBXFileReference; fileEncoding = 4; lastKnownFileType = sourcecode.c.objc; path = AddViewController.m; sourceTree = "<group>"; };
/* End PBXFileReference section */

/* Begin PBXFrameworksBuildPhase section */
		333146E2146DD9FB008ED8B6 /* Frameworks */ = {
			isa = PBXFrameworksBuildPhase;
			buildActionMask = 2147483647;
			files = (
				33D9010C146DE0B200EEBF6E /* CoreData.framework in Frameworks */,
				333146EA146DD9FB008ED8B6 /* UIKit.framework in Frameworks */,
				333146EC146DD9FB008ED8B6 /* Foundation.framework in Frameworks */,
				333146EE146DD9FB008ED8B6 /* CoreGraphics.framework in Frameworks */,
			);
			runOnlyForDeploymentPostprocessing = 0;
		};
/* End PBXFrameworksBuildPhase section */

/* Begin PBXGroup section */
		333146DA146DD9FB008ED8B6 = {
			isa = PBXGroup;
			children = (
				333146EF146DD9FB008ED8B6 /* Tisk Task 2 */,
				333146E8146DD9FB008ED8B6 /* Frameworks */,
				333146E6146DD9FB008ED8B6 /* Products */,
			);
			sourceTree = "<group>";
		};
		333146E6146DD9FB008ED8B6 /* Products */ = {
			isa = PBXGroup;
			children = (
				333146E5146DD9FB008ED8B6 /* Tisk Task 2.app */,
			);
			name = Products;
			sourceTree = "<group>";
		};
		333146E8146DD9FB008ED8B6 /* Frameworks */ = {
			isa = PBXGroup;
			children = (
				33D9010B146DE0B200EEBF6E /* CoreData.framework */,
				333146E9146DD9FB008ED8B6 /* UIKit.framework */,
				333146EB146DD9FB008ED8B6 /* Foundation.framework */,
				333146ED146DD9FB008ED8B6 /* CoreGraphics.framework */,
			);
			name = Frameworks;
			sourceTree = "<group>";
		};
		333146EF146DD9FB008ED8B6 /* Tisk Task 2 */ = {
			isa = PBXGroup;
			children = (
				33D90107146DDF6E00EEBF6E /* App Delegate */,
				33D9012A146DE75300EEBF6E /* Settings Table View */,
				33D90106146DDF6100EEBF6E /* Task Models */,
				33D9010A146DDFA000EEBF6E /* Resources */,
				333146F0146DD9FB008ED8B6 /* Supporting Files */,
				33D90124146DE71300EEBF6E /* Today Task Table View */,
				33D9011E146DE6FF00EEBF6E /* All Task Table View */,
				335596C61489712400D04AAF /* Completed Task Table View */,
			);
			path = "Tisk Task 2";
			sourceTree = "<group>";
		};
		333146F0146DD9FB008ED8B6 /* Supporting Files */ = {
			isa = PBXGroup;
			children = (
				333146F1146DD9FB008ED8B6 /* Tisk Task 2-Info.plist */,
				333146F2146DD9FB008ED8B6 /* InfoPlist.strings */,
				333146F5146DD9FC008ED8B6 /* main.m */,
				333146F7146DD9FC008ED8B6 /* Tisk Task 2-Prefix.pch */,
			);
			name = "Supporting Files";
			sourceTree = "<group>";
		};
		335596C61489712400D04AAF /* Completed Task Table View */ = {
			isa = PBXGroup;
			children = (
				335596C01489711F00D04AAF /* CompletedTaskTableViewController.h */,
				335596C11489711F00D04AAF /* CompletedTaskTableViewController.m */,
				335596C21489711F00D04AAF /* CompletedTaskTableView.xib */,
			);
			name = "Completed Task Table View";
			sourceTree = "<group>";
		};
		335596CE1489838100D04AAF /* Task Timer View */ = {
			isa = PBXGroup;
			children = (
				335596C91489837C00D04AAF /* TaskTimerViewController.h */,
				335596CA1489837C00D04AAF /* TaskTimerViewController.m */,
				335596CB1489837C00D04AAF /* TaskTimerView.xib */,
			);
			name = "Task Timer View";
			sourceTree = "<group>";
		};
		33D90106146DDF6100EEBF6E /* Task Models */ = {
			isa = PBXGroup;
			children = (
				335596D2148993EC00D04AAF /* TaskInfo.h */,
				335596D3148993EC00D04AAF /* TaskInfo.m */,
				335596CF148993EC00D04AAF /* TaskDetails.h */,
				335596D0148993EC00D04AAF /* TaskDetails.m */,
			);
			name = "Task Models";
			sourceTree = "<group>";
		};
		33D90107146DDF6E00EEBF6E /* App Delegate */ = {
			isa = PBXGroup;
			children = (
				333146F8146DD9FC008ED8B6 /* AppDelegate.h */,
				333146F9146DD9FC008ED8B6 /* AppDelegate.m */,
			);
			name = "App Delegate";
			sourceTree = "<group>";
		};
		33D90109146DDF9600EEBF6E /* Images */ = {
			isa = PBXGroup;
			children = (
				335596C71489798900D04AAF /* icon.png */,
				333146FE146DD9FC008ED8B6 /* first.png */,
				33314700146DD9FC008ED8B6 /* first@2x.png */,
				33314705146DD9FC008ED8B6 /* second.png */,
				33314707146DD9FC008ED8B6 /* second@2x.png */,
			);
			name = Images;
			sourceTree = "<group>";
		};
		33D9010A146DDFA000EEBF6E /* Resources */ = {
			isa = PBXGroup;
			children = (
				335596D51489968000D04AAF /* start-button.jpg */,
				33D900F6146DDC3F00EEBF6E /* TaskDataModel.xcdatamodeld */,
				33D90109146DDF9600EEBF6E /* Images */,
			);
			name = Resources;
			sourceTree = "<group>";
		};
		33D9011E146DE6FF00EEBF6E /* All Task Table View */ = {
			isa = PBXGroup;
			children = (
				33D90119146DE6F700EEBF6E /* AllTaskTableViewController.h */,
				33D9011A146DE6F700EEBF6E /* AllTaskTableViewController.m */,
				33D9011B146DE6F700EEBF6E /* AllTaskTableView.xib */,
				33DB79F814882C7F00FC7BF9 /* Add View */,
				33DB79F014882C0F00FC7BF9 /* Editing View */,
				33DB79F414882C4600FC7BF9 /* Detail View */,
			);
			name = "All Task Table View";
			sourceTree = "<group>";
		};
		33D90124146DE71300EEBF6E /* Today Task Table View */ = {
			isa = PBXGroup;
			children = (
				33D9011F146DE71000EEBF6E /* TodayTaskTableViewController.h */,
				33D90120146DE71000EEBF6E /* TodayTaskTableViewController.m */,
				33D90121146DE71000EEBF6E /* TodayTaskTableView.xib */,
				335596CE1489838100D04AAF /* Task Timer View */,
			);
			name = "Today Task Table View";
			sourceTree = "<group>";
		};
		33D9012A146DE75300EEBF6E /* Settings Table View */ = {
			isa = PBXGroup;
			children = (
				33D90125146DE75000EEBF6E /* SettingsTableViewController.h */,
				33D90126146DE75000EEBF6E /* SettingsTableViewController.m */,
				33D90127146DE75000EEBF6E /* SettingsTableView.xib */,
			);
			name = "Settings Table View";
			sourceTree = "<group>";
		};
		33DB79F014882C0F00FC7BF9 /* Editing View */ = {
			isa = PBXGroup;
			children = (
				33DB79EA14882BFF00FC7BF9 /* EditingViewController.h */,
				33DB79EB14882BFF00FC7BF9 /* EditingViewController.m */,
				33DB79EC14882BFF00FC7BF9 /* EditingView.xib */,
			);
			name = "Editing View";
			sourceTree = "<group>";
		};
		33DB79F414882C4600FC7BF9 /* Detail View */ = {
			isa = PBXGroup;
			children = (
				33DB79F114882C4100FC7BF9 /* DetailViewController.h */,
				33DB79F214882C4100FC7BF9 /* DetailViewController.m */,
			);
			name = "Detail View";
			sourceTree = "<group>";
		};
		33DB79F814882C7F00FC7BF9 /* Add View */ = {
			isa = PBXGroup;
			children = (
				33DB79F514882C7400FC7BF9 /* AddViewController.h */,
				33DB79F614882C7400FC7BF9 /* AddViewController.m */,
			);
			name = "Add View";
			sourceTree = "<group>";
		};
/* End PBXGroup section */

/* Begin PBXNativeTarget section */
		333146E4146DD9FB008ED8B6 /* Tisk Task 2 */ = {
			isa = PBXNativeTarget;
			buildConfigurationList = 33314711146DD9FC008ED8B6 /* Build configuration list for PBXNativeTarget "Tisk Task 2" */;
			buildPhases = (
				333146E1146DD9FB008ED8B6 /* Sources */,
				333146E2146DD9FB008ED8B6 /* Frameworks */,
				333146E3146DD9FB008ED8B6 /* Resources */,
			);
			buildRules = (
			);
			dependencies = (
			);
			name = "Tisk Task 2";
			productName = "Tisk Task 2";
			productReference = 333146E5146DD9FB008ED8B6 /* Tisk Task 2.app */;
			productType = "com.apple.product-type.application";
		};
/* End PBXNativeTarget section */

/* Begin PBXProject section */
		333146DC146DD9FB008ED8B6 /* Project object */ = {
			isa = PBXProject;
			attributes = {
				LastUpgradeCheck = 0420;
				ORGANIZATIONNAME = "University of Illinois";
			};
			buildConfigurationList = 333146DF146DD9FB008ED8B6 /* Build configuration list for PBXProject "Tisk Task 2" */;
			compatibilityVersion = "Xcode 3.2";
			developmentRegion = English;
			hasScannedForEncodings = 0;
			knownRegions = (
				en,
			);
			mainGroup = 333146DA146DD9FB008ED8B6;
			productRefGroup = 333146E6146DD9FB008ED8B6 /* Products */;
			projectDirPath = "";
			projectRoot = "";
			targets = (
				333146E4146DD9FB008ED8B6 /* Tisk Task 2 */,
			);
		};
/* End PBXProject section */

/* Begin PBXResourcesBuildPhase section */
		333146E3146DD9FB008ED8B6 /* Resources */ = {
			isa = PBXResourcesBuildPhase;
			buildActionMask = 2147483647;
			files = (
				333146F4146DD9FB008ED8B6 /* InfoPlist.strings in Resources */,
				333146FF146DD9FC008ED8B6 /* first.png in Resources */,
				33314701146DD9FC008ED8B6 /* first@2x.png in Resources */,
				33314706146DD9FC008ED8B6 /* second.png in Resources */,
				33314708146DD9FC008ED8B6 /* second@2x.png in Resources */,
				33D9011D146DE6F700EEBF6E /* AllTaskTableView.xib in Resources */,
				33D90123146DE71000EEBF6E /* TodayTaskTableView.xib in Resources */,
				33D90129146DE75000EEBF6E /* SettingsTableView.xib in Resources */,
				33DB79EE14882BFF00FC7BF9 /* EditingView.xib in Resources */,
				335596C41489711F00D04AAF /* CompletedTaskTableView.xib in Resources */,
				335596C81489798900D04AAF /* icon.png in Resources */,
				335596CD1489837C00D04AAF /* TaskTimerView.xib in Resources */,
				335596D61489968000D04AAF /* start-button.jpg in Resources */,
			);
			runOnlyForDeploymentPostprocessing = 0;
		};
/* End PBXResourcesBuildPhase section */

/* Begin PBXSourcesBuildPhase section */
		333146E1146DD9FB008ED8B6 /* Sources */ = {
			isa = PBXSourcesBuildPhase;
			buildActionMask = 2147483647;
			files = (
				333146F6146DD9FC008ED8B6 /* main.m in Sources */,
				333146FA146DD9FC008ED8B6 /* AppDelegate.m in Sources */,
				33D900F8146DDC3F00EEBF6E /* TaskDataModel.xcdatamodeld in Sources */,
				33D9011C146DE6F700EEBF6E /* AllTaskTableViewController.m in Sources */,
				33D90122146DE71000EEBF6E /* TodayTaskTableViewController.m in Sources */,
				33D90128146DE75000EEBF6E /* SettingsTableViewController.m in Sources */,
				33DB79ED14882BFF00FC7BF9 /* EditingViewController.m in Sources */,
				33DB79F314882C4100FC7BF9 /* DetailViewController.m in Sources */,
				33DB79F714882C7400FC7BF9 /* AddViewController.m in Sources */,
				335596C31489711F00D04AAF /* CompletedTaskTableViewController.m in Sources */,
				335596CC1489837C00D04AAF /* TaskTimerViewController.m in Sources */,
				335596D1148993EC00D04AAF /* TaskDetails.m in Sources */,
				335596D4148993EC00D04AAF /* TaskInfo.m in Sources */,
			);
			runOnlyForDeploymentPostprocessing = 0;
		};
/* End PBXSourcesBuildPhase section */

/* Begin PBXVariantGroup section */
		333146F2146DD9FB008ED8B6 /* InfoPlist.strings */ = {
			isa = PBXVariantGroup;
			children = (
				333146F3146DD9FB008ED8B6 /* en */,
			);
			name = InfoPlist.strings;
			sourceTree = "<group>";
		};
/* End PBXVariantGroup section */

/* Begin XCBuildConfiguration section */
		3331470F146DD9FC008ED8B6 /* Debug */ = {
			isa = XCBuildConfiguration;
			buildSettings = {
				ALWAYS_SEARCH_USER_PATHS = NO;
				ARCHS = "$(ARCHS_STANDARD_32_BIT)";
				"CODE_SIGN_IDENTITY[sdk=iphoneos*]" = "iPhone Developer";
				COPY_PHASE_STRIP = NO;
				GCC_C_LANGUAGE_STANDARD = gnu99;
				GCC_DYNAMIC_NO_PIC = NO;
				GCC_OPTIMIZATION_LEVEL = 0;
				GCC_PREPROCESSOR_DEFINITIONS = (
					"DEBUG=1",
					"$(inherited)",
				);
				GCC_SYMBOLS_PRIVATE_EXTERN = NO;
				GCC_VERSION = com.apple.compilers.llvm.clang.1_0;
				GCC_WARN_ABOUT_MISSING_PROTOTYPES = YES;
				GCC_WARN_ABOUT_RETURN_TYPE = YES;
				GCC_WARN_UNUSED_VARIABLE = YES;
				IPHONEOS_DEPLOYMENT_TARGET = 5.0;
				SDKROOT = iphoneos;
			};
			name = Debug;
		};
		33314710146DD9FC008ED8B6 /* Release */ = {
			isa = XCBuildConfiguration;
			buildSettings = {
				ALWAYS_SEARCH_USER_PATHS = NO;
				ARCHS = "$(ARCHS_STANDARD_32_BIT)";
				"CODE_SIGN_IDENTITY[sdk=iphoneos*]" = "iPhone Developer";
				COPY_PHASE_STRIP = YES;
				GCC_C_LANGUAGE_STANDARD = gnu99;
				GCC_VERSION = com.apple.compilers.llvm.clang.1_0;
				GCC_WARN_ABOUT_MISSING_PROTOTYPES = YES;
				GCC_WARN_ABOUT_RETURN_TYPE = YES;
				GCC_WARN_UNUSED_VARIABLE = YES;
				IPHONEOS_DEPLOYMENT_TARGET = 5.0;
				OTHER_CFLAGS = "-DNS_BLOCK_ASSERTIONS=1";
				SDKROOT = iphoneos;
				VALIDATE_PRODUCT = YES;
			};
			name = Release;
		};
		33314712146DD9FC008ED8B6 /* Debug */ = {
			isa = XCBuildConfiguration;
			buildSettings = {
				GCC_PRECOMPILE_PREFIX_HEADER = YES;
				GCC_PREFIX_HEADER = "Tisk Task 2/Tisk Task 2-Prefix.pch";
				INFOPLIST_FILE = "Tisk Task 2/Tisk Task 2-Info.plist";
				IPHONEOS_DEPLOYMENT_TARGET = 5.0;
				PRODUCT_NAME = "$(TARGET_NAME)";
				WRAPPER_EXTENSION = app;
			};
			name = Debug;
		};
		33314713146DD9FC008ED8B6 /* Release */ = {
			isa = XCBuildConfiguration;
			buildSettings = {
				GCC_PRECOMPILE_PREFIX_HEADER = YES;
				GCC_PREFIX_HEADER = "Tisk Task 2/Tisk Task 2-Prefix.pch";
				INFOPLIST_FILE = "Tisk Task 2/Tisk Task 2-Info.plist";
				IPHONEOS_DEPLOYMENT_TARGET = 5.0;
				PRODUCT_NAME = "$(TARGET_NAME)";
				WRAPPER_EXTENSION = app;
			};
			name = Release;
		};
/* End XCBuildConfiguration section */

/* Begin XCConfigurationList section */
		333146DF146DD9FB008ED8B6 /* Build configuration list for PBXProject "Tisk Task 2" */ = {
			isa = XCConfigurationList;
			buildConfigurations = (
				3331470F146DD9FC008ED8B6 /* Debug */,
				33314710146DD9FC008ED8B6 /* Release */,
			);
			defaultConfigurationIsVisible = 0;
			defaultConfigurationName = Release;
		};
		33314711146DD9FC008ED8B6 /* Build configuration list for PBXNativeTarget "Tisk Task 2" */ = {
			isa = XCConfigurationList;
			buildConfigurations = (
				33314712146DD9FC008ED8B6 /* Debug */,
				33314713146DD9FC008ED8B6 /* Release */,
			);
			defaultConfigurationIsVisible = 0;
			defaultConfigurationName = Release;
		};
/* End XCConfigurationList section */

/* Begin XCVersionGroup section */
		33D900F6146DDC3F00EEBF6E /* TaskDataModel.xcdatamodeld */ = {
			isa = XCVersionGroup;
			children = (
				33D900F7146DDC3F00EEBF6E /* TaskDataModel.xcdatamodel */,
			);
			currentVersion = 33D900F7146DDC3F00EEBF6E /* TaskDataModel.xcdatamodel */;
			path = TaskDataModel.xcdatamodeld;
			sourceTree = "<group>";
			versionGroupType = wrapper.xcdatamodel;
		};
/* End XCVersionGroup section */
	};
	rootObject = 333146DC146DD9FB008ED8B6 /* Project object */;
}
